
Microsoft Visual Studio Solution File, Format Version 12.00
# Visual Studio 15
Project("{FAE04EC0-301F-11D3-BF4B-00C04F79EFBC}") = "Assembly-CSharp-Editor", "Assembly-CSharp-Editor.csproj", "{A9C24B0A-F057-B9D1-3A5B-A86055625C10}"
EndProject
Project("{FAE04EC0-301F-11D3-BF4B-00C04F79EFBC}") = "Assembly-CSharp", "Assembly-CSharp.csproj", "{BD65D12A-462B-B2DE-C205-54B42676FF58}"
EndProject
Global
	GlobalSection(SolutionConfigurationPlatforms) = preSolution
		Debug|Any CPU = Debug|Any CPU
		Release|Any CPU = Release|Any CPU
	EndGlobalSection
	GlobalSection(ProjectConfigurationPlatforms) = postSolution
		{A9C24B0A-F057-B9D1-3A5B-A86055625C10}.Debug|Any CPU.ActiveCfg = Debug|Any CPU
		{A9C24B0A-F057-B9D1-3A5B-A86055625C10}.Debug|Any CPU.Build.0 = Debug|Any CPU
		{A9C24B0A-F057-B9D1-3A5B-A86055625C10}.Release|Any CPU.ActiveCfg = Release|Any CPU
		{A9C24B0A-F057-B9D1-3A5B-A86055625C10}.Release|Any CPU.Build.0 = Release|Any CPU
		{BD65D12A-462B-B2DE-C205-54B42676FF58}.Debug|Any CPU.ActiveCfg = Debug|Any CPU
		{BD65D12A-462B-B2DE-C205-54B42676FF58}.Debug|Any CPU.Build.0 = Debug|Any CPU
		{BD65D12A-462B-B2DE-C205-54B42676FF58}.Release|Any CPU.ActiveCfg = Release|Any CPU
		{BD65D12A-462B-B2DE-C205-54B42676FF58}.Release|Any CPU.Build.0 = Release|Any CPU
	EndGlobalSection
	GlobalSection(SolutionProperties) = preSolution
		HideSolutionNode = FALSE
	EndGlobalSection
EndGlobal
